
Microsoft Visual Studio Solution File, Format Version 12.00
# Visual Studio Version 17
VisualStudioVersion = 17.0.31903.59
MinimumVisualStudioVersion = 10.0.40219.1
Project("{2150E333-8FDC-42A3-9474-1A3956D46DE8}") = "src", "src", "{04B72C29-1AD2-4FA4-82BF-977BC1B5FDB8}"
EndProject
Project("{FAE04EC0-301F-11D3-BF4B-00C04F79EFBC}") = "SweatSmart-Service", "src\SweatSmart-Service\SweatSmart-Service.csproj", "{8C95AEEB-98D2-4BF2-9517-4E865124FF2D}"
EndProject
Project("{2150E333-8FDC-42A3-9474-1A3956D46DE8}") = "test", "test", "{5380F75D-9418-4D0C-AAD4-B3D90A7147AA}"
EndProject
Project("{FAE04EC0-301F-11D3-BF4B-00C04F79EFBC}") = "SweatSmart-Service.test", "test\SweatSmart-Service\SweatSmart-Service.test.csproj", "{9F8A0D14-F954-4AFC-90B4-979619629753}"
EndProject
Global
	GlobalSection(SolutionConfigurationPlatforms) = preSolution
		Debug|Any CPU = Debug|Any CPU
		Release|Any CPU = Release|Any CPU
	EndGlobalSection
	GlobalSection(SolutionProperties) = preSolution
		HideSolutionNode = FALSE
	EndGlobalSection
	GlobalSection(ProjectConfigurationPlatforms) = postSolution
		{8C95AEEB-98D2-4BF2-9517-4E865124FF2D}.Debug|Any CPU.ActiveCfg = Debug|Any CPU
		{8C95AEEB-98D2-4BF2-9517-4E865124FF2D}.Debug|Any CPU.Build.0 = Debug|Any CPU
		{8C95AEEB-98D2-4BF2-9517-4E865124FF2D}.Release|Any CPU.ActiveCfg = Release|Any CPU
		{8C95AEEB-98D2-4BF2-9517-4E865124FF2D}.Release|Any CPU.Build.0 = Release|Any CPU
		{9F8A0D14-F954-4AFC-90B4-979619629753}.Debug|Any CPU.ActiveCfg = Debug|Any CPU
		{9F8A0D14-F954-4AFC-90B4-979619629753}.Debug|Any CPU.Build.0 = Debug|Any CPU
		{9F8A0D14-F954-4AFC-90B4-979619629753}.Release|Any CPU.ActiveCfg = Release|Any CPU
		{9F8A0D14-F954-4AFC-90B4-979619629753}.Release|Any CPU.Build.0 = Release|Any CPU
	EndGlobalSection
	GlobalSection(NestedProjects) = preSolution
		{8C95AEEB-98D2-4BF2-9517-4E865124FF2D} = {04B72C29-1AD2-4FA4-82BF-977BC1B5FDB8}
		{9F8A0D14-F954-4AFC-90B4-979619629753} = {5380F75D-9418-4D0C-AAD4-B3D90A7147AA}
	EndGlobalSection
EndGlobal
